
Microsoft Visual Studio Solution File, Format Version 12.00
# Visual Studio Version 16
VisualStudioVersion = 16.0.29215.179
MinimumVisualStudioVersion = 10.0.40219.1
Project("{FAE04EC0-301F-11D3-BF4B-00C04F79EFBC}") = "EX_01", "EX_01\EX_01.csproj", "{4C7A2CB6-FE03-4E74-8745-C4476C2EB959}"
EndProject
Global
	GlobalSection(SolutionConfigurationPlatforms) = preSolution
		Debug|Any CPU = Debug|Any CPU
		Release|Any CPU = Release|Any CPU
	EndGlobalSection
	GlobalSection(ProjectConfigurationPlatforms) = postSolution
		{4C7A2CB6-FE03-4E74-8745-C4476C2EB959}.Debug|Any CPU.ActiveCfg = Debug|Any CPU
		{4C7A2CB6-FE03-4E74-8745-C4476C2EB959}.Debug|Any CPU.Build.0 = Debug|Any CPU
		{4C7A2CB6-FE03-4E74-8745-C4476C2EB959}.Release|Any CPU.ActiveCfg = Release|Any CPU
		{4C7A2CB6-FE03-4E74-8745-C4476C2EB959}.Release|Any CPU.Build.0 = Release|Any CPU
	EndGlobalSection
	GlobalSection(SolutionProperties) = preSolution
		HideSolutionNode = FALSE
	EndGlobalSection
	GlobalSection(ExtensibilityGlobals) = postSolution
		SolutionGuid = {E546A98F-F5E4-4EA2-9B77-259FFC02897D}
	EndGlobalSection
EndGlobal
